
Microsoft Visual Studio Solution File, Format Version 12.00
# Visual Studio Version 16
VisualStudioVersion = 16.0.30517.126
MinimumVisualStudioVersion = 10.0.40219.1
Project("{9A19103F-16F7-4668-BE54-9A1E7A4F7556}") = "Square root (TARgv20)", "Square root (TARgv20)\Square root (TARgv20).csproj", "{782815BA-556B-49C1-971A-4F486725434B}"
EndProject
Project("{FAE04EC0-301F-11D3-BF4B-00C04F79EFBC}") = "ParcelTesting", "ParcelTesting\ParcelTesting.csproj", "{C02BB4C5-284A-48BD-A7DC-B0DC48FC2359}"
EndProject
Global
	GlobalSection(SolutionConfigurationPlatforms) = preSolution
		Debug|Any CPU = Debug|Any CPU
		Release|Any CPU = Release|Any CPU
	EndGlobalSection
	GlobalSection(ProjectConfigurationPlatforms) = postSolution
		{782815BA-556B-49C1-971A-4F486725434B}.Debug|Any CPU.ActiveCfg = Debug|Any CPU
		{782815BA-556B-49C1-971A-4F486725434B}.Debug|Any CPU.Build.0 = Debug|Any CPU
		{782815BA-556B-49C1-971A-4F486725434B}.Release|Any CPU.ActiveCfg = Release|Any CPU
		{782815BA-556B-49C1-971A-4F486725434B}.Release|Any CPU.Build.0 = Release|Any CPU
		{C02BB4C5-284A-48BD-A7DC-B0DC48FC2359}.Debug|Any CPU.ActiveCfg = Debug|Any CPU
		{C02BB4C5-284A-48BD-A7DC-B0DC48FC2359}.Debug|Any CPU.Build.0 = Debug|Any CPU
		{C02BB4C5-284A-48BD-A7DC-B0DC48FC2359}.Release|Any CPU.ActiveCfg = Release|Any CPU
		{C02BB4C5-284A-48BD-A7DC-B0DC48FC2359}.Release|Any CPU.Build.0 = Release|Any CPU
	EndGlobalSection
	GlobalSection(SolutionProperties) = preSolution
		HideSolutionNode = FALSE
	EndGlobalSection
	GlobalSection(ExtensibilityGlobals) = postSolution
		SolutionGuid = {3D5D5425-5170-43A9-9E65-E71EE751DF9B}
	EndGlobalSection
EndGlobal
